
Microsoft Visual Studio Solution File, Format Version 12.00
# Visual Studio 14
VisualStudioVersion = 14.0.25123.0
MinimumVisualStudioVersion = 10.0.40219.1
Project("{FAE04EC0-301F-11D3-BF4B-00C04F79EFBC}") = "Strategy", "Patterns\Strategy.csproj", "{CAE77BAC-1C4B-4EB8-BEF6-360FEE74C108}"
EndProject
Project("{FAE04EC0-301F-11D3-BF4B-00C04F79EFBC}") = "Observer", "Observer\Observer.csproj", "{FA350736-09B5-4615-8188-766F23E19AC0}"
EndProject
Project("{FAE04EC0-301F-11D3-BF4B-00C04F79EFBC}") = "Decorator", "Decorator\Decorator.csproj", "{634C2DC4-B0FE-4D72-B962-7D52601ACE02}"
EndProject
Project("{FAE04EC0-301F-11D3-BF4B-00C04F79EFBC}") = "Factory", "Factory\Factory.csproj", "{0FAFF1EA-6537-4908-9720-EBA3F8ED9F60}"
EndProject
Project("{FAE04EC0-301F-11D3-BF4B-00C04F79EFBC}") = "Command", "Command\Command.csproj", "{83326041-EB94-4116-BEE3-24A1494520B7}"
EndProject
Project("{FAE04EC0-301F-11D3-BF4B-00C04F79EFBC}") = "Adapter", "Adapter\Adapter.csproj", "{30A7BDA0-84F8-4CE9-8ABC-0ECC285F1C5C}"
EndProject
Project("{FAE04EC0-301F-11D3-BF4B-00C04F79EFBC}") = "Template", "Template\Template.csproj", "{C34DC3D7-75EA-4884-9F86-B488DBAC00E0}"
EndProject
Project("{FAE04EC0-301F-11D3-BF4B-00C04F79EFBC}") = "Iterator", "Iterator\Iterator.csproj", "{99A26809-60FE-4596-BF19-15B7820464F6}"
EndProject
Project("{FAE04EC0-301F-11D3-BF4B-00C04F79EFBC}") = "Composite", "Composite\Composite.csproj", "{19FE0C49-71D5-4B0E-B67A-00E53A089265}"
EndProject
Project("{FAE04EC0-301F-11D3-BF4B-00C04F79EFBC}") = "State", "State\State.csproj", "{A276593D-75A9-4AC5-AFF8-C772F036AF1A}"
EndProject
Global
	GlobalSection(SolutionConfigurationPlatforms) = preSolution
		Debug|Any CPU = Debug|Any CPU
		Release|Any CPU = Release|Any CPU
	EndGlobalSection
	GlobalSection(ProjectConfigurationPlatforms) = postSolution
		{CAE77BAC-1C4B-4EB8-BEF6-360FEE74C108}.Debug|Any CPU.ActiveCfg = Debug|Any CPU
		{CAE77BAC-1C4B-4EB8-BEF6-360FEE74C108}.Debug|Any CPU.Build.0 = Debug|Any CPU
		{CAE77BAC-1C4B-4EB8-BEF6-360FEE74C108}.Release|Any CPU.ActiveCfg = Release|Any CPU
		{CAE77BAC-1C4B-4EB8-BEF6-360FEE74C108}.Release|Any CPU.Build.0 = Release|Any CPU
		{FA350736-09B5-4615-8188-766F23E19AC0}.Debug|Any CPU.ActiveCfg = Debug|Any CPU
		{FA350736-09B5-4615-8188-766F23E19AC0}.Debug|Any CPU.Build.0 = Debug|Any CPU
		{FA350736-09B5-4615-8188-766F23E19AC0}.Release|Any CPU.ActiveCfg = Release|Any CPU
		{FA350736-09B5-4615-8188-766F23E19AC0}.Release|Any CPU.Build.0 = Release|Any CPU
		{634C2DC4-B0FE-4D72-B962-7D52601ACE02}.Debug|Any CPU.ActiveCfg = Debug|Any CPU
		{634C2DC4-B0FE-4D72-B962-7D52601ACE02}.Debug|Any CPU.Build.0 = Debug|Any CPU
		{634C2DC4-B0FE-4D72-B962-7D52601ACE02}.Release|Any CPU.ActiveCfg = Release|Any CPU
		{634C2DC4-B0FE-4D72-B962-7D52601ACE02}.Release|Any CPU.Build.0 = Release|Any CPU
		{0FAFF1EA-6537-4908-9720-EBA3F8ED9F60}.Debug|Any CPU.ActiveCfg = Debug|Any CPU
		{0FAFF1EA-6537-4908-9720-EBA3F8ED9F60}.Debug|Any CPU.Build.0 = Debug|Any CPU
		{0FAFF1EA-6537-4908-9720-EBA3F8ED9F60}.Release|Any CPU.ActiveCfg = Release|Any CPU
		{0FAFF1EA-6537-4908-9720-EBA3F8ED9F60}.Release|Any CPU.Build.0 = Release|Any CPU
		{83326041-EB94-4116-BEE3-24A1494520B7}.Debug|Any CPU.ActiveCfg = Debug|Any CPU
		{83326041-EB94-4116-BEE3-24A1494520B7}.Debug|Any CPU.Build.0 = Debug|Any CPU
		{83326041-EB94-4116-BEE3-24A1494520B7}.Release|Any CPU.ActiveCfg = Release|Any CPU
		{83326041-EB94-4116-BEE3-24A1494520B7}.Release|Any CPU.Build.0 = Release|Any CPU
		{30A7BDA0-84F8-4CE9-8ABC-0ECC285F1C5C}.Debug|Any CPU.ActiveCfg = Debug|Any CPU
		{30A7BDA0-84F8-4CE9-8ABC-0ECC285F1C5C}.Debug|Any CPU.Build.0 = Debug|Any CPU
		{30A7BDA0-84F8-4CE9-8ABC-0ECC285F1C5C}.Release|Any CPU.ActiveCfg = Release|Any CPU
		{30A7BDA0-84F8-4CE9-8ABC-0ECC285F1C5C}.Release|Any CPU.Build.0 = Release|Any CPU
		{C34DC3D7-75EA-4884-9F86-B488DBAC00E0}.Debug|Any CPU.ActiveCfg = Debug|Any CPU
		{C34DC3D7-75EA-4884-9F86-B488DBAC00E0}.Debug|Any CPU.Build.0 = Debug|Any CPU
		{C34DC3D7-75EA-4884-9F86-B488DBAC00E0}.Release|Any CPU.ActiveCfg = Release|Any CPU
		{C34DC3D7-75EA-4884-9F86-B488DBAC00E0}.Release|Any CPU.Build.0 = Release|Any CPU
		{99A26809-60FE-4596-BF19-15B7820464F6}.Debug|Any CPU.ActiveCfg = Debug|Any CPU
		{99A26809-60FE-4596-BF19-15B7820464F6}.Debug|Any CPU.Build.0 = Debug|Any CPU
		{99A26809-60FE-4596-BF19-15B7820464F6}.Release|Any CPU.ActiveCfg = Release|Any CPU
		{99A26809-60FE-4596-BF19-15B7820464F6}.Release|Any CPU.Build.0 = Release|Any CPU
		{19FE0C49-71D5-4B0E-B67A-00E53A089265}.Debug|Any CPU.ActiveCfg = Debug|Any CPU
		{19FE0C49-71D5-4B0E-B67A-00E53A089265}.Debug|Any CPU.Build.0 = Debug|Any CPU
		{19FE0C49-71D5-4B0E-B67A-00E53A089265}.Release|Any CPU.ActiveCfg = Release|Any CPU
		{19FE0C49-71D5-4B0E-B67A-00E53A089265}.Release|Any CPU.Build.0 = Release|Any CPU
		{A276593D-75A9-4AC5-AFF8-C772F036AF1A}.Debug|Any CPU.ActiveCfg = Debug|Any CPU
		{A276593D-75A9-4AC5-AFF8-C772F036AF1A}.Debug|Any CPU.Build.0 = Debug|Any CPU
		{A276593D-75A9-4AC5-AFF8-C772F036AF1A}.Release|Any CPU.ActiveCfg = Release|Any CPU
		{A276593D-75A9-4AC5-AFF8-C772F036AF1A}.Release|Any CPU.Build.0 = Release|Any CPU
	EndGlobalSection
	GlobalSection(SolutionProperties) = preSolution
		HideSolutionNode = FALSE
	EndGlobalSection
EndGlobal
